Microsoft Visual Studio Solution File, Format Version 12.00
# 17
VisualStudioVersion = 17.11.35201.85
MinimumVisualStudioVersion = 10.0.40219.1
Project("{FAE04EC0-301F-11D3-BF4B-00C04F79EFBC}") = "SilverMation", "SilverMation.csproj", "{7E7757FA-070A-46F8-9F1E-E144E37AD085}"
EndProject
Global
	GlobalSection(SolutionConfigurationPlatforms) = preSolution
		Debug|Any CPU = Debug|Any CPU
		Release|Any CPU = Release|Any CPU
	EndGlobalSection
	GlobalSection(ProjectConfigurationPlatforms) = postSolution
		{7E7757FA-070A-46F8-9F1E-E144E37AD085}.Debug|Any CPU.ActiveCfg = Debug|Any CPU
		{7E7757FA-070A-46F8-9F1E-E144E37AD085}.Debug|Any CPU.Build.0 = Debug|Any CPU
		{7E7757FA-070A-46F8-9F1E-E144E37AD085}.Release|Any CPU.ActiveCfg = Release|Any CPU
		{7E7757FA-070A-46F8-9F1E-E144E37AD085}.Release|Any CPU.Build.0 = Release|Any CPU
	EndGlobalSection
	GlobalSection(SolutionProperties) = preSolution
		HideSolutionNode = FALSE
	EndGlobalSection
	GlobalSection(ExtensibilityGlobals) = postSolution
		SolutionGuid = {6D23A9B6-A252-46A9-88EA-A21167EC82EE}
	EndGlobalSection
EndGlobal
